<?xml version="1.0" encoding="utf-8"?>
<Project ToolsVersion="4.0" xmlns="http://schemas.microsoft.com/developer/msbuild/2003">
  <ItemGroup>
    <ClCompile Include="Admin.cpp" />
    <ClCompile Include="Bank.cpp" />
    <ClCompile Include="Client.cpp" />
    <ClCompile Include="DataSourceInterface.cpp" />
    <ClCompile Include="Employee.cpp" />
    <ClCompile Include="EntryData.cpp" />
    <ClCompile Include="FileManager.cpp" />
    <ClCompile Include="FilesHelper.cpp" />
    <ClCompile Include="Parser.cpp" />
    <ClCompile Include="Person.cpp" />
    <ClCompile Include="Screen.cpp" />
    <ClCompile Include="Validation.cpp" />
    <ClCompile Include="ClientManager.cpp" />
    <ClCompile Include="EmployeeManager.cpp" />
    <ClCompile Include="AdminManager.cpp" />
  </ItemGroup>
  <ItemGroup>
    <ClInclude Include="Admin.h" />
    <ClInclude Include="Client.h" />
    <ClInclude Include="DataSourceInterface.h" />
    <ClInclude Include="Employee.h" />
    <ClInclude Include="EntryData.h" />
    <ClInclude Include="FileManager.h" />
    <ClInclude Include="FilesHelper.h" />
    <ClInclude Include="Parser.h" />
    <ClInclude Include="Person.h" />
    <ClInclude Include="Screen.h" />
    <ClInclude Include="Validation.h" />
    <ClInclude Include="ClientManager.h" />
    <ClInclude Include="EmployeeManager.h" />
    <ClInclude Include="AdminManager.h" />
  </ItemGroup>
  <ItemGroup>
    <Text Include="Admins.txt" />
    <Text Include="Clients.txt" />
    <Text Include="Employees.txt" />
    <Text Include="LastAdminId.txt" />
    <Text Include="LastClientId.txt" />
    <Text Include="LastEmployeeId.txt" />
  </ItemGroup>
</Project>